
Microsoft Visual Studio Solution File, Format Version 12.00
# Visual Studio 15
VisualStudioVersion = 15.0.28010.2048
MinimumVisualStudioVersion = 10.0.40219.1
Project("{FAE04EC0-301F-11D3-BF4B-00C04F79EFBC}") = "Modulbank_Task1", "Modulbank_Task1.csproj", "{B78286A2-14D3-408C-A10F-3C0639C58E45}"
EndProject
Global
	GlobalSection(SolutionConfigurationPlatforms) = preSolution
		Debug|Any CPU = Debug|Any CPU
		Release|Any CPU = Release|Any CPU
	EndGlobalSection
	GlobalSection(ProjectConfigurationPlatforms) = postSolution
		{B78286A2-14D3-408C-A10F-3C0639C58E45}.Debug|Any CPU.ActiveCfg = Debug|Any CPU
		{B78286A2-14D3-408C-A10F-3C0639C58E45}.Debug|Any CPU.Build.0 = Debug|Any CPU
		{B78286A2-14D3-408C-A10F-3C0639C58E45}.Release|Any CPU.ActiveCfg = Release|Any CPU
		{B78286A2-14D3-408C-A10F-3C0639C58E45}.Release|Any CPU.Build.0 = Release|Any CPU
	EndGlobalSection
	GlobalSection(SolutionProperties) = preSolution
		HideSolutionNode = FALSE
	EndGlobalSection
	GlobalSection(ExtensibilityGlobals) = postSolution
		SolutionGuid = {037712AB-3044-44CE-A4C1-9D040A5A3EBB}
	EndGlobalSection
EndGlobal
